{
  "nodes": {
    "nvim-conform-src": {
      "flake": false,
      "locked": {
        "lastModified": 1714328458,
        "narHash": "sha256-L8A+rALD+dJoZE1+Argg4irE44+glp5eRS7jcghz7LM=",
        "owner": "stevearc",
        "repo": "conform.nvim",
        "rev": "12b3995537f52ba2810a9857e8ca256881febbda",
        "type": "github"
      },
      "original": {
        "owner": "stevearc",
        "repo": "conform.nvim",
        "type": "github"
      }
    },
    "nvim-gen-src": {
      "flake": false,
      "locked": {
        "lastModified": 1712049871,
        "narHash": "sha256-Bt7yJxToUnPv3JqBwWQeywIbVRqzHBqnu3NUaIxFx/M=",
        "owner": "David-Kunz",
        "repo": "gen.nvim",
        "rev": "87fbe811155b90eea58622614809705b966009ad",
        "type": "github"
      },
      "original": {
        "owner": "David-Kunz",
        "repo": "gen.nvim",
        "type": "github"
      }
    },
    "nvim-regexplainer-src": {
      "flake": false,
      "locked": {
        "lastModified": 1700214808,
        "narHash": "sha256-B65k8i2gBPaXvZS1HiI3Mk4UuHbW0QQyYci7HLaPN6I=",
        "owner": "bennypowers",
        "repo": "nvim-regexplainer",
        "rev": "78fff711edcb986a05a03253c28a90e32c4ce31f",
        "type": "github"
      },
      "original": {
        "owner": "bennypowers",
        "repo": "nvim-regexplainer",
        "type": "github"
      }
    },
    "nvim-sqls-src": {
      "flake": false,
      "locked": {
        "lastModified": 1684697500,
        "narHash": "sha256-jKFut6NZAf/eIeIkY7/2EsjsIhvZQKCKAJzeQ6XSr0s=",
        "owner": "nanotee",
        "repo": "sqls.nvim",
        "rev": "4b1274b5b44c48ce784aac23747192f5d9d26207",
        "type": "github"
      },
      "original": {
        "owner": "nanotee",
        "repo": "sqls.nvim",
        "type": "github"
      }
    },
    "root": {
      "inputs": {
        "nvim-conform-src": "nvim-conform-src",
        "nvim-gen-src": "nvim-gen-src",
        "nvim-regexplainer-src": "nvim-regexplainer-src",
        "nvim-sqls-src": "nvim-sqls-src"
      }
    }
  },
  "root": "root",
  "version": 7
}
