{
  "nodes": {
    "home-manager": {
      "inputs": {
        "nixpkgs": [
          "nixpkgs"
        ],
        "utils": "utils"
      },
      "locked": {
        "lastModified": 1675935446,
        "narHash": "sha256-WajulTn7QdwC7QuXRBavrANuIXE5z+08EdxdRw1qsNs=",
        "owner": "nix-community",
        "repo": "home-manager",
        "rev": "2dce7f1a55e785a22d61668516df62899278c9e4",
        "type": "github"
      },
      "original": {
        "owner": "nix-community",
        "repo": "home-manager",
        "type": "github"
      }
    },
    "nix-gaming": {
      "inputs": {
        "nixpkgs": "nixpkgs"
      },
      "locked": {
        "lastModified": 1676147016,
        "narHash": "sha256-yqweqPk/gMsT2d1GHdaEYomzs+Xyor4uDIAKw6/VeJs=",
        "owner": "fufexan",
        "repo": "nix-gaming",
        "rev": "3596f678f0b7b410981343eb9aa3d5850e4617be",
        "type": "github"
      },
      "original": {
        "owner": "fufexan",
        "repo": "nix-gaming",
        "type": "github"
      }
    },
    "nixpkgs": {
      "locked": {
        "lastModified": 1675614288,
        "narHash": "sha256-i3Rc/ENnz62BcrSloeVmAyPicEh4WsrEEYR+INs9TYw=",
        "owner": "NixOS",
        "repo": "nixpkgs",
        "rev": "d25de6654a34d99dceb02e71e6db516b3b545be6",
        "type": "github"
      },
      "original": {
        "owner": "NixOS",
        "ref": "nixpkgs-unstable",
        "repo": "nixpkgs",
        "type": "github"
      }
    },
    "nixpkgs_2": {
      "locked": {
        "lastModified": 1676110339,
        "narHash": "sha256-kOS/L8OOL2odpCOM11IevfHxcUeE0vnZUQ74EOiwXcs=",
        "owner": "nixos",
        "repo": "nixpkgs",
        "rev": "e5530aba13caff5a4f41713f1265b754dc2abfd8",
        "type": "github"
      },
      "original": {
        "owner": "nixos",
        "ref": "nixos-unstable",
        "repo": "nixpkgs",
        "type": "github"
      }
    },
    "nur": {
      "locked": {
        "lastModified": 1676197247,
        "narHash": "sha256-sPmIQooEOiWkjYPmjNqde+ml2NcDTockTQF2WdTSHK0=",
        "owner": "nix-community",
        "repo": "NUR",
        "rev": "661a9358da62de5d4bdd9b6d510a8c17084e04ac",
        "type": "github"
      },
      "original": {
        "owner": "nix-community",
        "repo": "NUR",
        "type": "github"
      }
    },
    "root": {
      "inputs": {
        "home-manager": "home-manager",
        "nix-gaming": "nix-gaming",
        "nixpkgs": "nixpkgs_2",
        "nur": "nur"
      }
    },
    "utils": {
      "locked": {
        "lastModified": 1667395993,
        "narHash": "sha256-nuEHfE/LcWyuSWnS8t12N1wc105Qtau+/OdUAjtQ0rA=",
        "owner": "numtide",
        "repo": "flake-utils",
        "rev": "5aed5285a952e0b949eb3ba02c12fa4fcfef535f",
        "type": "github"
      },
      "original": {
        "owner": "numtide",
        "repo": "flake-utils",
        "type": "github"
      }
    }
  },
  "root": "root",
  "version": 7
}
